
Microsoft Visual Studio Solution File, Format Version 12.00
# Visual Studio Version 17
VisualStudioVersion = 17.3.32929.385
MinimumVisualStudioVersion = 10.0.40219.1
Project("{FAE04EC0-301F-11D3-BF4B-00C04F79EFBC}") = "PivotTable", "PivotTable\PivotTable.csproj", "{44DAF65A-818E-4E50-8699-2169B041844D}"
EndProject
Global
	GlobalSection(SolutionConfigurationPlatforms) = preSolution
		Debug|Any CPU = Debug|Any CPU
		Release|Any CPU = Release|Any CPU
	EndGlobalSection
	GlobalSection(ProjectConfigurationPlatforms) = postSolution
		{44DAF65A-818E-4E50-8699-2169B041844D}.Debug|Any CPU.ActiveCfg = Debug|Any CPU
		{44DAF65A-818E-4E50-8699-2169B041844D}.Debug|Any CPU.Build.0 = Debug|Any CPU
		{44DAF65A-818E-4E50-8699-2169B041844D}.Release|Any CPU.ActiveCfg = Release|Any CPU
		{44DAF65A-818E-4E50-8699-2169B041844D}.Release|Any CPU.Build.0 = Release|Any CPU
	EndGlobalSection
	GlobalSection(SolutionProperties) = preSolution
		HideSolutionNode = FALSE
	EndGlobalSection
	GlobalSection(ExtensibilityGlobals) = postSolution
		SolutionGuid = {89A38C87-034D-4EBF-AF06-5E0790DD70B2}
	EndGlobalSection
EndGlobal
